
Microsoft Visual Studio Solution File, Format Version 12.00
# Visual Studio Version 17
VisualStudioVersion = 17.8.34330.188
MinimumVisualStudioVersion = 10.0.40219.1
Project("{9A19103F-16F7-4668-BE54-9A1E7A4F7556}") = "00. Algorithm", "00. Algorithm\00. Algorithm.csproj", "{BE82C8F3-BC19-4585-BC7D-54286B2380EB}"
EndProject
Project("{9A19103F-16F7-4668-BE54-9A1E7A4F7556}") = "01. List", "01. List\01. List.csproj", "{6E3D8F11-B4F5-4CAB-8FC0-25B093673E95}"
EndProject
Project("{FAE04EC0-301F-11D3-BF4B-00C04F79EFBC}") = "03. Stack", "03. Stack\03. Stack.csproj", "{91CBF305-BF16-4A00-8737-A5F5A2E70DAA}"
EndProject
Project("{FAE04EC0-301F-11D3-BF4B-00C04F79EFBC}") = "04. Queue", "04. Queue\04. Queue.csproj", "{EE1A3986-A0EB-4C25-8980-2D633E3B85F3}"
EndProject
Project("{FAE04EC0-301F-11D3-BF4B-00C04F79EFBC}") = "02. LinkedList", "02. LinkedList\02. LinkedList.csproj", "{DC5A3ED9-D35E-4213-B2E8-1260C7CA3C81}"
EndProject
Project("{FAE04EC0-301F-11D3-BF4B-00C04F79EFBC}") = "04-1. Stack Queue Test", "04-1. Stack Queue Test\04-1. Stack Queue Test.csproj", "{71B5755E-FD11-42FD-A3A2-665AAC15B312}"
EndProject
Project("{FAE04EC0-301F-11D3-BF4B-00C04F79EFBC}") = "01-1. List Test", "01-1. List Test\01-1. List Test.csproj", "{5A242EB9-8A9B-4341-9B8C-B943253F05EE}"
EndProject
Project("{FAE04EC0-301F-11D3-BF4B-00C04F79EFBC}") = "02-1. LinkedList Test", "02-1. LinkedList Test\02-1. LinkedList Test.csproj", "{0D137CAC-2B08-4CFE-AFBC-529FDFE21F5F}"
EndProject
Global
	GlobalSection(SolutionConfigurationPlatforms) = preSolution
		Debug|Any CPU = Debug|Any CPU
		Release|Any CPU = Release|Any CPU
	EndGlobalSection
	GlobalSection(ProjectConfigurationPlatforms) = postSolution
		{BE82C8F3-BC19-4585-BC7D-54286B2380EB}.Debug|Any CPU.ActiveCfg = Debug|Any CPU
		{BE82C8F3-BC19-4585-BC7D-54286B2380EB}.Debug|Any CPU.Build.0 = Debug|Any CPU
		{BE82C8F3-BC19-4585-BC7D-54286B2380EB}.Release|Any CPU.ActiveCfg = Release|Any CPU
		{BE82C8F3-BC19-4585-BC7D-54286B2380EB}.Release|Any CPU.Build.0 = Release|Any CPU
		{6E3D8F11-B4F5-4CAB-8FC0-25B093673E95}.Debug|Any CPU.ActiveCfg = Debug|Any CPU
		{6E3D8F11-B4F5-4CAB-8FC0-25B093673E95}.Debug|Any CPU.Build.0 = Debug|Any CPU
		{6E3D8F11-B4F5-4CAB-8FC0-25B093673E95}.Release|Any CPU.ActiveCfg = Release|Any CPU
		{6E3D8F11-B4F5-4CAB-8FC0-25B093673E95}.Release|Any CPU.Build.0 = Release|Any CPU
		{91CBF305-BF16-4A00-8737-A5F5A2E70DAA}.Debug|Any CPU.ActiveCfg = Debug|Any CPU
		{91CBF305-BF16-4A00-8737-A5F5A2E70DAA}.Debug|Any CPU.Build.0 = Debug|Any CPU
		{91CBF305-BF16-4A00-8737-A5F5A2E70DAA}.Release|Any CPU.ActiveCfg = Release|Any CPU
		{91CBF305-BF16-4A00-8737-A5F5A2E70DAA}.Release|Any CPU.Build.0 = Release|Any CPU
		{EE1A3986-A0EB-4C25-8980-2D633E3B85F3}.Debug|Any CPU.ActiveCfg = Debug|Any CPU
		{EE1A3986-A0EB-4C25-8980-2D633E3B85F3}.Debug|Any CPU.Build.0 = Debug|Any CPU
		{EE1A3986-A0EB-4C25-8980-2D633E3B85F3}.Release|Any CPU.ActiveCfg = Release|Any CPU
		{EE1A3986-A0EB-4C25-8980-2D633E3B85F3}.Release|Any CPU.Build.0 = Release|Any CPU
		{DC5A3ED9-D35E-4213-B2E8-1260C7CA3C81}.Debug|Any CPU.ActiveCfg = Debug|Any CPU
		{DC5A3ED9-D35E-4213-B2E8-1260C7CA3C81}.Debug|Any CPU.Build.0 = Debug|Any CPU
		{DC5A3ED9-D35E-4213-B2E8-1260C7CA3C81}.Release|Any CPU.ActiveCfg = Release|Any CPU
		{DC5A3ED9-D35E-4213-B2E8-1260C7CA3C81}.Release|Any CPU.Build.0 = Release|Any CPU
		{71B5755E-FD11-42FD-A3A2-665AAC15B312}.Debug|Any CPU.ActiveCfg = Debug|Any CPU
		{71B5755E-FD11-42FD-A3A2-665AAC15B312}.Debug|Any CPU.Build.0 = Debug|Any CPU
		{71B5755E-FD11-42FD-A3A2-665AAC15B312}.Release|Any CPU.ActiveCfg = Release|Any CPU
		{71B5755E-FD11-42FD-A3A2-665AAC15B312}.Release|Any CPU.Build.0 = Release|Any CPU
		{5A242EB9-8A9B-4341-9B8C-B943253F05EE}.Debug|Any CPU.ActiveCfg = Debug|Any CPU
		{5A242EB9-8A9B-4341-9B8C-B943253F05EE}.Debug|Any CPU.Build.0 = Debug|Any CPU
		{5A242EB9-8A9B-4341-9B8C-B943253F05EE}.Release|Any CPU.ActiveCfg = Release|Any CPU
		{5A242EB9-8A9B-4341-9B8C-B943253F05EE}.Release|Any CPU.Build.0 = Release|Any CPU
		{0D137CAC-2B08-4CFE-AFBC-529FDFE21F5F}.Debug|Any CPU.ActiveCfg = Debug|Any CPU
		{0D137CAC-2B08-4CFE-AFBC-529FDFE21F5F}.Debug|Any CPU.Build.0 = Debug|Any CPU
		{0D137CAC-2B08-4CFE-AFBC-529FDFE21F5F}.Release|Any CPU.ActiveCfg = Release|Any CPU
		{0D137CAC-2B08-4CFE-AFBC-529FDFE21F5F}.Release|Any CPU.Build.0 = Release|Any CPU
	EndGlobalSection
	GlobalSection(SolutionProperties) = preSolution
		HideSolutionNode = FALSE
	EndGlobalSection
	GlobalSection(ExtensibilityGlobals) = postSolution
		SolutionGuid = {1F5DCA93-32B9-4886-A48F-8D972E764CC2}
	EndGlobalSection
EndGlobal
